
Microsoft Visual Studio Solution File, Format Version 12.00
# Visual Studio Version 16
VisualStudioVersion = 16.0.31019.35
MinimumVisualStudioVersion = 10.0.40219.1
Project("{FAE04EC0-301F-11D3-BF4B-00C04F79EFBC}") = "WindowsFormsApp2", "WindowsFormsApp2\WindowsFormsApp2.csproj", "{7FB698B3-FDD1-42EE-AC7E-F2DCCD0A0F36}"
EndProject
Global
	GlobalSection(SolutionConfigurationPlatforms) = preSolution
		Debug|Any CPU = Debug|Any CPU
		Release|Any CPU = Release|Any CPU
	EndGlobalSection
	GlobalSection(ProjectConfigurationPlatforms) = postSolution
		{7FB698B3-FDD1-42EE-AC7E-F2DCCD0A0F36}.Debug|Any CPU.ActiveCfg = Debug|Any CPU
		{7FB698B3-FDD1-42EE-AC7E-F2DCCD0A0F36}.Debug|Any CPU.Build.0 = Debug|Any CPU
		{7FB698B3-FDD1-42EE-AC7E-F2DCCD0A0F36}.Release|Any CPU.ActiveCfg = Release|Any CPU
		{7FB698B3-FDD1-42EE-AC7E-F2DCCD0A0F36}.Release|Any CPU.Build.0 = Release|Any CPU
	EndGlobalSection
	GlobalSection(SolutionProperties) = preSolution
		HideSolutionNode = FALSE
	EndGlobalSection
	GlobalSection(ExtensibilityGlobals) = postSolution
		SolutionGuid = {7EFCD249-7BCD-4FBC-A713-D632C5F7A9BD}
	EndGlobalSection
EndGlobal
